Microsoft Visual Studio Solution File, Format Version 12.00
# Visual Studio 2013
Project("{8BC9CEB8-8B4A-11D0-8D11-00A0C91BC942}") = "ALL_BUILD", "ALL_BUILD.vcxproj", "{4DE0A41B-307D-4844-BA8B-C06D9BA386DF}"
	ProjectSection(ProjectDependencies) = postProject
		{B0C23CE2-E9BF-4ABB-B894-211AB499E845} = {B0C23CE2-E9BF-4ABB-B894-211AB499E845}
		{175FD2F3-0E4C-4258-986C-A73AC32DCFCD} = {175FD2F3-0E4C-4258-986C-A73AC32DCFCD}
		{5CDEA88C-892D-48A9-9097-4496334079F6} = {5CDEA88C-892D-48A9-9097-4496334079F6}
		{31B6BC0E-013F-42FB-9CEB-FE0FBD65729E} = {31B6BC0E-013F-42FB-9CEB-FE0FBD65729E}
		{A1F96C64-A9B5-464A-9048-F25A70E84EFA} = {A1F96C64-A9B5-464A-9048-F25A70E84EFA}
		{BB7D4FC6-5D71-4FFA-983D-8FF5589FBE1F} = {BB7D4FC6-5D71-4FFA-983D-8FF5589FBE1F}
		{049D0304-4236-4E0C-8416-613FD7787074} = {049D0304-4236-4E0C-8416-613FD7787074}
		{89B07262-82C0-46A2-B89B-390D1749F925} = {89B07262-82C0-46A2-B89B-390D1749F925}
		{BF137B0F-CB53-4530-B53B-496D0EE0727F} = {BF137B0F-CB53-4530-B53B-496D0EE0727F}
		{8812A810-C27E-4DE4-919E-E128E11C6ECF} = {8812A810-C27E-4DE4-919E-E128E11C6ECF}
		{8FA3D4D6-BACA-4DD1-9ACB-7E116C2EE2AE} = {8FA3D4D6-BACA-4DD1-9ACB-7E116C2EE2AE}
	EndProjectSection
EndProject
Project("{8BC9CEB8-8B4A-11D0-8D11-00A0C91BC942}") = "INSTALL", "INSTALL.vcxproj", "{2913AB6E-CF3F-437C-8D2F-FB133CDACCA6}"
	ProjectSection(ProjectDependencies) = postProject
		{4DE0A41B-307D-4844-BA8B-C06D9BA386DF} = {4DE0A41B-307D-4844-BA8B-C06D9BA386DF}
	EndProjectSection
EndProject
Project("{8BC9CEB8-8B4A-11D0-8D11-00A0C91BC942}") = "RUN_TESTS", "RUN_TESTS.vcxproj", "{7E684206-F8DA-40B6-99D1-6015B623777B}"
	ProjectSection(ProjectDependencies) = postProject
	EndProjectSection
EndProject
Project("{8BC9CEB8-8B4A-11D0-8D11-00A0C91BC942}") = "ZERO_CHECK", "ZERO_CHECK.vcxproj", "{B0C23CE2-E9BF-4ABB-B894-211AB499E845}"
	ProjectSection(ProjectDependencies) = postProject
	EndProjectSection
EndProject
Project("{8BC9CEB8-8B4A-11D0-8D11-00A0C91BC942}") = "ceres", "internal\ceres\ceres.vcxproj", "{175FD2F3-0E4C-4258-986C-A73AC32DCFCD}"
	ProjectSection(ProjectDependencies) = postProject
		{B0C23CE2-E9BF-4ABB-B894-211AB499E845} = {B0C23CE2-E9BF-4ABB-B894-211AB499E845}
		{BF137B0F-CB53-4530-B53B-496D0EE0727F} = {BF137B0F-CB53-4530-B53B-496D0EE0727F}
	EndProjectSection
EndProject
Project("{8BC9CEB8-8B4A-11D0-8D11-00A0C91BC942}") = "curve_fitting", "examples\curve_fitting.vcxproj", "{5CDEA88C-892D-48A9-9097-4496334079F6}"
	ProjectSection(ProjectDependencies) = postProject
		{B0C23CE2-E9BF-4ABB-B894-211AB499E845} = {B0C23CE2-E9BF-4ABB-B894-211AB499E845}
		{175FD2F3-0E4C-4258-986C-A73AC32DCFCD} = {175FD2F3-0E4C-4258-986C-A73AC32DCFCD}
		{BF137B0F-CB53-4530-B53B-496D0EE0727F} = {BF137B0F-CB53-4530-B53B-496D0EE0727F}
	EndProjectSection
EndProject
Project("{8BC9CEB8-8B4A-11D0-8D11-00A0C91BC942}") = "curve_fitting_c", "examples\curve_fitting_c.vcxproj", "{31B6BC0E-013F-42FB-9CEB-FE0FBD65729E}"
	ProjectSection(ProjectDependencies) = postProject
		{B0C23CE2-E9BF-4ABB-B894-211AB499E845} = {B0C23CE2-E9BF-4ABB-B894-211AB499E845}
		{175FD2F3-0E4C-4258-986C-A73AC32DCFCD} = {175FD2F3-0E4C-4258-986C-A73AC32DCFCD}
		{BF137B0F-CB53-4530-B53B-496D0EE0727F} = {BF137B0F-CB53-4530-B53B-496D0EE0727F}
	EndProjectSection
EndProject
Project("{8BC9CEB8-8B4A-11D0-8D11-00A0C91BC942}") = "ellipse_approximation", "examples\ellipse_approximation.vcxproj", "{A1F96C64-A9B5-464A-9048-F25A70E84EFA}"
	ProjectSection(ProjectDependencies) = postProject
		{B0C23CE2-E9BF-4ABB-B894-211AB499E845} = {B0C23CE2-E9BF-4ABB-B894-211AB499E845}
		{175FD2F3-0E4C-4258-986C-A73AC32DCFCD} = {175FD2F3-0E4C-4258-986C-A73AC32DCFCD}
		{BF137B0F-CB53-4530-B53B-496D0EE0727F} = {BF137B0F-CB53-4530-B53B-496D0EE0727F}
	EndProjectSection
EndProject
Project("{8BC9CEB8-8B4A-11D0-8D11-00A0C91BC942}") = "helloworld", "examples\helloworld.vcxproj", "{BB7D4FC6-5D71-4FFA-983D-8FF5589FBE1F}"
	ProjectSection(ProjectDependencies) = postProject
		{B0C23CE2-E9BF-4ABB-B894-211AB499E845} = {B0C23CE2-E9BF-4ABB-B894-211AB499E845}
		{175FD2F3-0E4C-4258-986C-A73AC32DCFCD} = {175FD2F3-0E4C-4258-986C-A73AC32DCFCD}
		{BF137B0F-CB53-4530-B53B-496D0EE0727F} = {BF137B0F-CB53-4530-B53B-496D0EE0727F}
	EndProjectSection
EndProject
Project("{8BC9CEB8-8B4A-11D0-8D11-00A0C91BC942}") = "helloworld_analytic_diff", "examples\helloworld_analytic_diff.vcxproj", "{049D0304-4236-4E0C-8416-613FD7787074}"
	ProjectSection(ProjectDependencies) = postProject
		{B0C23CE2-E9BF-4ABB-B894-211AB499E845} = {B0C23CE2-E9BF-4ABB-B894-211AB499E845}
		{175FD2F3-0E4C-4258-986C-A73AC32DCFCD} = {175FD2F3-0E4C-4258-986C-A73AC32DCFCD}
		{BF137B0F-CB53-4530-B53B-496D0EE0727F} = {BF137B0F-CB53-4530-B53B-496D0EE0727F}
	EndProjectSection
EndProject
Project("{8BC9CEB8-8B4A-11D0-8D11-00A0C91BC942}") = "helloworld_numeric_diff", "examples\helloworld_numeric_diff.vcxproj", "{89B07262-82C0-46A2-B89B-390D1749F925}"
	ProjectSection(ProjectDependencies) = postProject
		{B0C23CE2-E9BF-4ABB-B894-211AB499E845} = {B0C23CE2-E9BF-4ABB-B894-211AB499E845}
		{175FD2F3-0E4C-4258-986C-A73AC32DCFCD} = {175FD2F3-0E4C-4258-986C-A73AC32DCFCD}
		{BF137B0F-CB53-4530-B53B-496D0EE0727F} = {BF137B0F-CB53-4530-B53B-496D0EE0727F}
	EndProjectSection
EndProject
Project("{8BC9CEB8-8B4A-11D0-8D11-00A0C91BC942}") = "miniglog", "internal\ceres\miniglog.vcxproj", "{BF137B0F-CB53-4530-B53B-496D0EE0727F}"
	ProjectSection(ProjectDependencies) = postProject
		{B0C23CE2-E9BF-4ABB-B894-211AB499E845} = {B0C23CE2-E9BF-4ABB-B894-211AB499E845}
	EndProjectSection
EndProject
Project("{8BC9CEB8-8B4A-11D0-8D11-00A0C91BC942}") = "robust_curve_fitting", "examples\robust_curve_fitting.vcxproj", "{8812A810-C27E-4DE4-919E-E128E11C6ECF}"
	ProjectSection(ProjectDependencies) = postProject
		{B0C23CE2-E9BF-4ABB-B894-211AB499E845} = {B0C23CE2-E9BF-4ABB-B894-211AB499E845}
		{175FD2F3-0E4C-4258-986C-A73AC32DCFCD} = {175FD2F3-0E4C-4258-986C-A73AC32DCFCD}
		{BF137B0F-CB53-4530-B53B-496D0EE0727F} = {BF137B0F-CB53-4530-B53B-496D0EE0727F}
	EndProjectSection
EndProject
Project("{8BC9CEB8-8B4A-11D0-8D11-00A0C91BC942}") = "simple_bundle_adjuster", "examples\simple_bundle_adjuster.vcxproj", "{8FA3D4D6-BACA-4DD1-9ACB-7E116C2EE2AE}"
	ProjectSection(ProjectDependencies) = postProject
		{B0C23CE2-E9BF-4ABB-B894-211AB499E845} = {B0C23CE2-E9BF-4ABB-B894-211AB499E845}
		{175FD2F3-0E4C-4258-986C-A73AC32DCFCD} = {175FD2F3-0E4C-4258-986C-A73AC32DCFCD}
		{BF137B0F-CB53-4530-B53B-496D0EE0727F} = {BF137B0F-CB53-4530-B53B-496D0EE0727F}
	EndProjectSection
EndProject
Project("{8BC9CEB8-8B4A-11D0-8D11-00A0C91BC942}") = "uninstall", "uninstall.vcxproj", "{1248A592-A623-4A0B-A1ED-59CFDD48AF6C}"
	ProjectSection(ProjectDependencies) = postProject
		{B0C23CE2-E9BF-4ABB-B894-211AB499E845} = {B0C23CE2-E9BF-4ABB-B894-211AB499E845}
	EndProjectSection
EndProject
Global
	GlobalSection(SolutionConfigurationPlatforms) = preSolution
		Debug|Win32 = Debug|Win32
		Release|Win32 = Release|Win32
		MinSizeRel|Win32 = MinSizeRel|Win32
		RelWithDebInfo|Win32 = RelWithDebInfo|Win32
	EndGlobalSection
	GlobalSection(ProjectConfigurationPlatforms) = postSolution
		{4DE0A41B-307D-4844-BA8B-C06D9BA386DF}.Debug|Win32.ActiveCfg = Debug|Win32
		{4DE0A41B-307D-4844-BA8B-C06D9BA386DF}.Debug|Win32.Build.0 = Debug|Win32
		{4DE0A41B-307D-4844-BA8B-C06D9BA386DF}.Release|Win32.ActiveCfg = Release|Win32
		{4DE0A41B-307D-4844-BA8B-C06D9BA386DF}.Release|Win32.Build.0 = Release|Win32
		{4DE0A41B-307D-4844-BA8B-C06D9BA386DF}.MinSizeRel|Win32.ActiveCfg = MinSizeRel|Win32
		{4DE0A41B-307D-4844-BA8B-C06D9BA386DF}.MinSizeRel|Win32.Build.0 = MinSizeRel|Win32
		{4DE0A41B-307D-4844-BA8B-C06D9BA386DF}.RelWithDebInfo|Win32.ActiveCfg = RelWithDebInfo|Win32
		{4DE0A41B-307D-4844-BA8B-C06D9BA386DF}.RelWithDebInfo|Win32.Build.0 = RelWithDebInfo|Win32
		{2913AB6E-CF3F-437C-8D2F-FB133CDACCA6}.Debug|Win32.ActiveCfg = Debug|Win32
		{2913AB6E-CF3F-437C-8D2F-FB133CDACCA6}.Release|Win32.ActiveCfg = Release|Win32
		{2913AB6E-CF3F-437C-8D2F-FB133CDACCA6}.MinSizeRel|Win32.ActiveCfg = MinSizeRel|Win32
		{2913AB6E-CF3F-437C-8D2F-FB133CDACCA6}.RelWithDebInfo|Win32.ActiveCfg = RelWithDebInfo|Win32
		{7E684206-F8DA-40B6-99D1-6015B623777B}.Debug|Win32.ActiveCfg = Debug|Win32
		{7E684206-F8DA-40B6-99D1-6015B623777B}.Release|Win32.ActiveCfg = Release|Win32
		{7E684206-F8DA-40B6-99D1-6015B623777B}.MinSizeRel|Win32.ActiveCfg = MinSizeRel|Win32
		{7E684206-F8DA-40B6-99D1-6015B623777B}.RelWithDebInfo|Win32.ActiveCfg = RelWithDebInfo|Win32
		{B0C23CE2-E9BF-4ABB-B894-211AB499E845}.Debug|Win32.ActiveCfg = Debug|Win32
		{B0C23CE2-E9BF-4ABB-B894-211AB499E845}.Debug|Win32.Build.0 = Debug|Win32
		{B0C23CE2-E9BF-4ABB-B894-211AB499E845}.Release|Win32.ActiveCfg = Release|Win32
		{B0C23CE2-E9BF-4ABB-B894-211AB499E845}.Release|Win32.Build.0 = Release|Win32
		{B0C23CE2-E9BF-4ABB-B894-211AB499E845}.MinSizeRel|Win32.ActiveCfg = MinSizeRel|Win32
		{B0C23CE2-E9BF-4ABB-B894-211AB499E845}.MinSizeRel|Win32.Build.0 = MinSizeRel|Win32
		{B0C23CE2-E9BF-4ABB-B894-211AB499E845}.RelWithDebInfo|Win32.ActiveCfg = RelWithDebInfo|Win32
		{B0C23CE2-E9BF-4ABB-B894-211AB499E845}.RelWithDebInfo|Win32.Build.0 = RelWithDebInfo|Win32
		{175FD2F3-0E4C-4258-986C-A73AC32DCFCD}.Debug|Win32.ActiveCfg = Debug|Win32
		{175FD2F3-0E4C-4258-986C-A73AC32DCFCD}.Debug|Win32.Build.0 = Debug|Win32
		{175FD2F3-0E4C-4258-986C-A73AC32DCFCD}.Release|Win32.ActiveCfg = Release|Win32
		{175FD2F3-0E4C-4258-986C-A73AC32DCFCD}.Release|Win32.Build.0 = Release|Win32
		{175FD2F3-0E4C-4258-986C-A73AC32DCFCD}.MinSizeRel|Win32.ActiveCfg = MinSizeRel|Win32
		{175FD2F3-0E4C-4258-986C-A73AC32DCFCD}.MinSizeRel|Win32.Build.0 = MinSizeRel|Win32
		{175FD2F3-0E4C-4258-986C-A73AC32DCFCD}.RelWithDebInfo|Win32.ActiveCfg = RelWithDebInfo|Win32
		{175FD2F3-0E4C-4258-986C-A73AC32DCFCD}.RelWithDebInfo|Win32.Build.0 = RelWithDebInfo|Win32
		{5CDEA88C-892D-48A9-9097-4496334079F6}.Debug|Win32.ActiveCfg = Debug|Win32
		{5CDEA88C-892D-48A9-9097-4496334079F6}.Debug|Win32.Build.0 = Debug|Win32
		{5CDEA88C-892D-48A9-9097-4496334079F6}.Release|Win32.ActiveCfg = Release|Win32
		{5CDEA88C-892D-48A9-9097-4496334079F6}.Release|Win32.Build.0 = Release|Win32
		{5CDEA88C-892D-48A9-9097-4496334079F6}.MinSizeRel|Win32.ActiveCfg = MinSizeRel|Win32
		{5CDEA88C-892D-48A9-9097-4496334079F6}.MinSizeRel|Win32.Build.0 = MinSizeRel|Win32
		{5CDEA88C-892D-48A9-9097-4496334079F6}.RelWithDebInfo|Win32.ActiveCfg = RelWithDebInfo|Win32
		{5CDEA88C-892D-48A9-9097-4496334079F6}.RelWithDebInfo|Win32.Build.0 = RelWithDebInfo|Win32
		{31B6BC0E-013F-42FB-9CEB-FE0FBD65729E}.Debug|Win32.ActiveCfg = Debug|Win32
		{31B6BC0E-013F-42FB-9CEB-FE0FBD65729E}.Debug|Win32.Build.0 = Debug|Win32
		{31B6BC0E-013F-42FB-9CEB-FE0FBD65729E}.Release|Win32.ActiveCfg = Release|Win32
		{31B6BC0E-013F-42FB-9CEB-FE0FBD65729E}.Release|Win32.Build.0 = Release|Win32
		{31B6BC0E-013F-42FB-9CEB-FE0FBD65729E}.MinSizeRel|Win32.ActiveCfg = MinSizeRel|Win32
		{31B6BC0E-013F-42FB-9CEB-FE0FBD65729E}.MinSizeRel|Win32.Build.0 = MinSizeRel|Win32
		{31B6BC0E-013F-42FB-9CEB-FE0FBD65729E}.RelWithDebInfo|Win32.ActiveCfg = RelWithDebInfo|Win32
		{31B6BC0E-013F-42FB-9CEB-FE0FBD65729E}.RelWithDebInfo|Win32.Build.0 = RelWithDebInfo|Win32
		{A1F96C64-A9B5-464A-9048-F25A70E84EFA}.Debug|Win32.ActiveCfg = Debug|Win32
		{A1F96C64-A9B5-464A-9048-F25A70E84EFA}.Debug|Win32.Build.0 = Debug|Win32
		{A1F96C64-A9B5-464A-9048-F25A70E84EFA}.Release|Win32.ActiveCfg = Release|Win32
		{A1F96C64-A9B5-464A-9048-F25A70E84EFA}.Release|Win32.Build.0 = Release|Win32
		{A1F96C64-A9B5-464A-9048-F25A70E84EFA}.MinSizeRel|Win32.ActiveCfg = MinSizeRel|Win32
		{A1F96C64-A9B5-464A-9048-F25A70E84EFA}.MinSizeRel|Win32.Build.0 = MinSizeRel|Win32
		{A1F96C64-A9B5-464A-9048-F25A70E84EFA}.RelWithDebInfo|Win32.ActiveCfg = RelWithDebInfo|Win32
		{A1F96C64-A9B5-464A-9048-F25A70E84EFA}.RelWithDebInfo|Win32.Build.0 = RelWithDebInfo|Win32
		{BB7D4FC6-5D71-4FFA-983D-8FF5589FBE1F}.Debug|Win32.ActiveCfg = Debug|Win32
		{BB7D4FC6-5D71-4FFA-983D-8FF5589FBE1F}.Debug|Win32.Build.0 = Debug|Win32
		{BB7D4FC6-5D71-4FFA-983D-8FF5589FBE1F}.Release|Win32.ActiveCfg = Release|Win32
		{BB7D4FC6-5D71-4FFA-983D-8FF5589FBE1F}.Release|Win32.Build.0 = Release|Win32
		{BB7D4FC6-5D71-4FFA-983D-8FF5589FBE1F}.MinSizeRel|Win32.ActiveCfg = MinSizeRel|Win32
		{BB7D4FC6-5D71-4FFA-983D-8FF5589FBE1F}.MinSizeRel|Win32.Build.0 = MinSizeRel|Win32
		{BB7D4FC6-5D71-4FFA-983D-8FF5589FBE1F}.RelWithDebInfo|Win32.ActiveCfg = RelWithDebInfo|Win32
		{BB7D4FC6-5D71-4FFA-983D-8FF5589FBE1F}.RelWithDebInfo|Win32.Build.0 = RelWithDebInfo|Win32
		{049D0304-4236-4E0C-8416-613FD7787074}.Debug|Win32.ActiveCfg = Debug|Win32
		{049D0304-4236-4E0C-8416-613FD7787074}.Debug|Win32.Build.0 = Debug|Win32
		{049D0304-4236-4E0C-8416-613FD7787074}.Release|Win32.ActiveCfg = Release|Win32
		{049D0304-4236-4E0C-8416-613FD7787074}.Release|Win32.Build.0 = Release|Win32
		{049D0304-4236-4E0C-8416-613FD7787074}.MinSizeRel|Win32.ActiveCfg = MinSizeRel|Win32
		{049D0304-4236-4E0C-8416-613FD7787074}.MinSizeRel|Win32.Build.0 = MinSizeRel|Win32
		{049D0304-4236-4E0C-8416-613FD7787074}.RelWithDebInfo|Win32.ActiveCfg = RelWithDebInfo|Win32
		{049D0304-4236-4E0C-8416-613FD7787074}.RelWithDebInfo|Win32.Build.0 = RelWithDebInfo|Win32
		{89B07262-82C0-46A2-B89B-390D1749F925}.Debug|Win32.ActiveCfg = Debug|Win32
		{89B07262-82C0-46A2-B89B-390D1749F925}.Debug|Win32.Build.0 = Debug|Win32
		{89B07262-82C0-46A2-B89B-390D1749F925}.Release|Win32.ActiveCfg = Release|Win32
		{89B07262-82C0-46A2-B89B-390D1749F925}.Release|Win32.Build.0 = Release|Win32
		{89B07262-82C0-46A2-B89B-390D1749F925}.MinSizeRel|Win32.ActiveCfg = MinSizeRel|Win32
		{89B07262-82C0-46A2-B89B-390D1749F925}.MinSizeRel|Win32.Build.0 = MinSizeRel|Win32
		{89B07262-82C0-46A2-B89B-390D1749F925}.RelWithDebInfo|Win32.ActiveCfg = RelWithDebInfo|Win32
		{89B07262-82C0-46A2-B89B-390D1749F925}.RelWithDebInfo|Win32.Build.0 = RelWithDebInfo|Win32
		{BF137B0F-CB53-4530-B53B-496D0EE0727F}.Debug|Win32.ActiveCfg = Debug|Win32
		{BF137B0F-CB53-4530-B53B-496D0EE0727F}.Debug|Win32.Build.0 = Debug|Win32
		{BF137B0F-CB53-4530-B53B-496D0EE0727F}.Release|Win32.ActiveCfg = Release|Win32
		{BF137B0F-CB53-4530-B53B-496D0EE0727F}.Release|Win32.Build.0 = Release|Win32
		{BF137B0F-CB53-4530-B53B-496D0EE0727F}.MinSizeRel|Win32.ActiveCfg = MinSizeRel|Win32
		{BF137B0F-CB53-4530-B53B-496D0EE0727F}.MinSizeRel|Win32.Build.0 = MinSizeRel|Win32
		{BF137B0F-CB53-4530-B53B-496D0EE0727F}.RelWithDebInfo|Win32.ActiveCfg = RelWithDebInfo|Win32
		{BF137B0F-CB53-4530-B53B-496D0EE0727F}.RelWithDebInfo|Win32.Build.0 = RelWithDebInfo|Win32
		{8812A810-C27E-4DE4-919E-E128E11C6ECF}.Debug|Win32.ActiveCfg = Debug|Win32
		{8812A810-C27E-4DE4-919E-E128E11C6ECF}.Debug|Win32.Build.0 = Debug|Win32
		{8812A810-C27E-4DE4-919E-E128E11C6ECF}.Release|Win32.ActiveCfg = Release|Win32
		{8812A810-C27E-4DE4-919E-E128E11C6ECF}.Release|Win32.Build.0 = Release|Win32
		{8812A810-C27E-4DE4-919E-E128E11C6ECF}.MinSizeRel|Win32.ActiveCfg = MinSizeRel|Win32
		{8812A810-C27E-4DE4-919E-E128E11C6ECF}.MinSizeRel|Win32.Build.0 = MinSizeRel|Win32
		{8812A810-C27E-4DE4-919E-E128E11C6ECF}.RelWithDebInfo|Win32.ActiveCfg = RelWithDebInfo|Win32
		{8812A810-C27E-4DE4-919E-E128E11C6ECF}.RelWithDebInfo|Win32.Build.0 = RelWithDebInfo|Win32
		{8FA3D4D6-BACA-4DD1-9ACB-7E116C2EE2AE}.Debug|Win32.ActiveCfg = Debug|Win32
		{8FA3D4D6-BACA-4DD1-9ACB-7E116C2EE2AE}.Debug|Win32.Build.0 = Debug|Win32
		{8FA3D4D6-BACA-4DD1-9ACB-7E116C2EE2AE}.Release|Win32.ActiveCfg = Release|Win32
		{8FA3D4D6-BACA-4DD1-9ACB-7E116C2EE2AE}.Release|Win32.Build.0 = Release|Win32
		{8FA3D4D6-BACA-4DD1-9ACB-7E116C2EE2AE}.MinSizeRel|Win32.ActiveCfg = MinSizeRel|Win32
		{8FA3D4D6-BACA-4DD1-9ACB-7E116C2EE2AE}.MinSizeRel|Win32.Build.0 = MinSizeRel|Win32
		{8FA3D4D6-BACA-4DD1-9ACB-7E116C2EE2AE}.RelWithDebInfo|Win32.ActiveCfg = RelWithDebInfo|Win32
		{8FA3D4D6-BACA-4DD1-9ACB-7E116C2EE2AE}.RelWithDebInfo|Win32.Build.0 = RelWithDebInfo|Win32
		{1248A592-A623-4A0B-A1ED-59CFDD48AF6C}.Debug|Win32.ActiveCfg = Debug|Win32
		{1248A592-A623-4A0B-A1ED-59CFDD48AF6C}.Release|Win32.ActiveCfg = Release|Win32
		{1248A592-A623-4A0B-A1ED-59CFDD48AF6C}.MinSizeRel|Win32.ActiveCfg = MinSizeRel|Win32
		{1248A592-A623-4A0B-A1ED-59CFDD48AF6C}.RelWithDebInfo|Win32.ActiveCfg = RelWithDebInfo|Win32
	EndGlobalSection
	GlobalSection(ExtensibilityGlobals) = postSolution
	EndGlobalSection
	GlobalSection(ExtensibilityAddIns) = postSolution
	EndGlobalSection
EndGlobal
